{
  "version": 4,
  "terraform_version": "1.9.7",
  "serial": 54,
  "lineage": "dfa85da1-34c6-d14d-91e5-6f0e76640163",
  "outputs": {},
  "resources": [
    {
      "mode": "managed",
      "type": "openstack_compute_instance_v2",
      "name": "control_node",
      "provider": "provider[\"registry.terraform.io/terraform-provider-openstack/openstack\"]",
      "instances": [
        {
          "schema_version": 0,
          "attributes": {
            "access_ip_v4": "10.5.11.186",
            "access_ip_v6": "",
            "admin_pass": null,
            "all_metadata": {},
            "all_tags": [],
            "availability_zone": "nova",
            "availability_zone_hints": null,
            "block_device": [],
            "config_drive": null,
            "created": "2024-10-05 18:23:08 +0000 UTC",
            "flavor_id": "69495bdc-cc5a-4596-9b0a-e2c30956df46",
            "flavor_name": "general.medium",
            "force_delete": false,
            "id": "245d5f72-53b9-49b8-bb9a-59e8aea81ce2",
            "image_id": "62dee28f-987d-40f5-a308-051d59991da8",
            "image_name": "ubuntu-22.04",
            "key_pair": "antonio-neto-ssh-keys",
            "metadata": null,
            "name": "grupo-7-projeto-control-node",
            "network": [
              {
                "access_network": false,
                "fixed_ip_v4": "10.5.11.186",
                "fixed_ip_v6": "",
                "mac": "fa:16:3e:b9:5b:46",
                "name": "provider",
                "port": "",
                "uuid": "8e9133dd-0907-42f2-866d-c7ad2af7eb9c"
              }
            ],
            "network_mode": null,
            "personality": [],
            "power_state": "active",
            "region": "",
            "scheduler_hints": [],
            "security_groups": [
              "grupo-7-projeto-control-node-sc",
              "grupo-7-projeto-ssh-sc"
            ],
            "stop_before_destroy": false,
            "tags": [],
            "timeouts": null,
            "updated": "2024-10-05 18:23:12 +0000 UTC",
            "user_data": null,
            "vendor_options": []
          },
          "sensitive_attributes": [
            [
              {
                "type": "get_attr",
                "value": "admin_pass"
              }
            ]
          ],
          "private": "eyJlMmJmYjczMC1lY2FhLTExZTYtOGY4OC0zNDM2M2JjN2M0YzAiOnsiY3JlYXRlIjoxODAwMDAwMDAwMDAwLCJkZWxldGUiOjE4MDAwMDAwMDAwMDAsInVwZGF0ZSI6MTgwMDAwMDAwMDAwMH19",
          "dependencies": [
            "openstack_networking_secgroup_v2.control_node_security_group",
            "openstack_networking_secgroup_v2.ssh_security_group"
          ]
        }
      ]
    },
    {
      "mode": "managed",
      "type": "openstack_compute_instance_v2",
      "name": "work_node_1",
      "provider": "provider[\"registry.terraform.io/terraform-provider-openstack/openstack\"]",
      "instances": [
        {
          "schema_version": 0,
          "attributes": {
            "access_ip_v4": "10.5.11.129",
            "access_ip_v6": "",
            "admin_pass": null,
            "all_metadata": {},
            "all_tags": [],
            "availability_zone": "nova",
            "availability_zone_hints": null,
            "block_device": [],
            "config_drive": null,
            "created": "2024-10-05 18:23:01 +0000 UTC",
            "flavor_id": "69495bdc-cc5a-4596-9b0a-e2c30956df46",
            "flavor_name": "general.medium",
            "force_delete": false,
            "id": "b8abe52f-a456-407f-aaef-f0fff6fc57dd",
            "image_id": "62dee28f-987d-40f5-a308-051d59991da8",
            "image_name": "ubuntu-22.04",
            "key_pair": "antonio-neto-ssh-keys",
            "metadata": null,
            "name": "grupo-7-projeto-work-node-1",
            "network": [
              {
                "access_network": false,
                "fixed_ip_v4": "10.5.11.129",
                "fixed_ip_v6": "",
                "mac": "fa:16:3e:b7:ed:79",
                "name": "provider",
                "port": "",
                "uuid": "8e9133dd-0907-42f2-866d-c7ad2af7eb9c"
              }
            ],
            "network_mode": null,
            "personality": [],
            "power_state": "active",
            "region": "",
            "scheduler_hints": [],
            "security_groups": [
              "grupo-7-projeto-ssh-sc",
              "grupo-7-projeto-work-node-sc"
            ],
            "stop_before_destroy": false,
            "tags": [],
            "timeouts": null,
            "updated": "2024-10-05 18:23:21 +0000 UTC",
            "user_data": null,
            "vendor_options": []
          },
          "sensitive_attributes": [
            [
              {
                "type": "get_attr",
                "value": "admin_pass"
              }
            ]
          ],
          "private": "eyJlMmJmYjczMC1lY2FhLTExZTYtOGY4OC0zNDM2M2JjN2M0YzAiOnsiY3JlYXRlIjoxODAwMDAwMDAwMDAwLCJkZWxldGUiOjE4MDAwMDAwMDAwMDAsInVwZGF0ZSI6MTgwMDAwMDAwMDAwMH19",
          "dependencies": [
            "openstack_networking_secgroup_v2.ssh_security_group",
            "openstack_networking_secgroup_v2.work_node_security_group"
          ]
        }
      ]
    },
    {
      "mode": "managed",
      "type": "openstack_compute_instance_v2",
      "name": "work_node_2",
      "provider": "provider[\"registry.terraform.io/terraform-provider-openstack/openstack\"]",
      "instances": [
        {
          "schema_version": 0,
          "attributes": {
            "access_ip_v4": "10.5.8.103",
            "access_ip_v6": "",
            "admin_pass": null,
            "all_metadata": {},
            "all_tags": [],
            "availability_zone": "nova",
            "availability_zone_hints": null,
            "block_device": [],
            "config_drive": null,
            "created": "2024-10-05 18:23:32 +0000 UTC",
            "flavor_id": "69495bdc-cc5a-4596-9b0a-e2c30956df46",
            "flavor_name": "general.medium",
            "force_delete": false,
            "id": "a4d67d97-23a9-43f5-88a0-9e19b78faf2a",
            "image_id": "62dee28f-987d-40f5-a308-051d59991da8",
            "image_name": "ubuntu-22.04",
            "key_pair": "antonio-neto-ssh-keys",
            "metadata": null,
            "name": "grupo-7-projeto-work-node-2",
            "network": [
              {
                "access_network": false,
                "fixed_ip_v4": "10.5.8.103",
                "fixed_ip_v6": "",
                "mac": "fa:16:3e:e9:10:02",
                "name": "provider",
                "port": "",
                "uuid": "8e9133dd-0907-42f2-866d-c7ad2af7eb9c"
              }
            ],
            "network_mode": null,
            "personality": [],
            "power_state": "active",
            "region": "",
            "scheduler_hints": [],
            "security_groups": [
              "grupo-7-projeto-ssh-sc",
              "grupo-7-projeto-work-node-sc"
            ],
            "stop_before_destroy": false,
            "tags": [],
            "timeouts": null,
            "updated": "2024-10-05 18:23:15 +0000 UTC",
            "user_data": null,
            "vendor_options": []
          },
          "sensitive_attributes": [
            [
              {
                "type": "get_attr",
                "value": "admin_pass"
              }
            ]
          ],
          "private": "eyJlMmJmYjczMC1lY2FhLTExZTYtOGY4OC0zNDM2M2JjN2M0YzAiOnsiY3JlYXRlIjoxODAwMDAwMDAwMDAwLCJkZWxldGUiOjE4MDAwMDAwMDAwMDAsInVwZGF0ZSI6MTgwMDAwMDAwMDAwMH19",
          "dependencies": [
            "openstack_networking_secgroup_v2.ssh_security_group",
            "openstack_networking_secgroup_v2.work_node_security_group"
          ]
        }
      ]
    },
    {
      "mode": "managed",
      "type": "openstack_lb_listener_v2",
      "name": "listener_control_node",
      "provider": "provider[\"registry.terraform.io/terraform-provider-openstack/openstack\"]",
      "instances": [
        {
          "schema_version": 0,
          "attributes": {
            "admin_state_up": true,
            "allowed_cidrs": [],
            "alpn_protocols": [],
            "client_authentication": "NONE",
            "client_ca_tls_container_ref": "",
            "client_crl_container_ref": "",
            "connection_limit": -1,
            "default_pool_id": "07818061-adac-4e47-9b31-e028b7516f0e",
            "default_tls_container_ref": "",
            "description": "",
            "hsts_include_subdomains": false,
            "hsts_max_age": 0,
            "hsts_preload": false,
            "id": "227bc6ea-e2ee-4ac6-97e9-4aa015bd34a2",
            "insert_headers": {},
            "loadbalancer_id": "887e9ffd-790a-47a1-b9d7-bc8073dc4931",
            "name": "grupo-7-projeto-listener-control-node",
            "protocol": "TCP",
            "protocol_port": 11505,
            "region": "",
            "sni_container_refs": [],
            "tags": [],
            "tenant_id": "133f84b71b6e494d9f6a1578f2383ad0",
            "timeout_client_data": 50000,
            "timeout_member_connect": 5000,
            "timeout_member_data": 50000,
            "timeout_tcp_inspect": 0,
            "timeouts": null,
            "tls_ciphers": "",
            "tls_versions": []
          },
          "sensitive_attributes": [],
          "private": "eyJlMmJmYjczMC1lY2FhLTExZTYtOGY4OC0zNDM2M2JjN2M0YzAiOnsiY3JlYXRlIjo2MDAwMDAwMDAwMDAsImRlbGV0ZSI6NjAwMDAwMDAwMDAwLCJ1cGRhdGUiOjYwMDAwMDAwMDAwMH19"
        }
      ]
    },
    {
      "mode": "managed",
      "type": "openstack_lb_listener_v2",
      "name": "listener_work_node_1",
      "provider": "provider[\"registry.terraform.io/terraform-provider-openstack/openstack\"]",
      "instances": [
        {
          "schema_version": 0,
          "attributes": {
            "admin_state_up": true,
            "allowed_cidrs": [],
            "alpn_protocols": [],
            "client_authentication": "NONE",
            "client_ca_tls_container_ref": "",
            "client_crl_container_ref": "",
            "connection_limit": -1,
            "default_pool_id": "51f8ccf6-3a29-461d-9f90-b53cb0c5e08f",
            "default_tls_container_ref": "",
            "description": "",
            "hsts_include_subdomains": false,
            "hsts_max_age": 0,
            "hsts_preload": false,
            "id": "49d52b80-8401-4be3-886c-b62ac429d893",
            "insert_headers": {},
            "loadbalancer_id": "887e9ffd-790a-47a1-b9d7-bc8073dc4931",
            "name": "grupo-7-projeto-listener-work-node-1",
            "protocol": "TCP",
            "protocol_port": 11506,
            "region": "",
            "sni_container_refs": [],
            "tags": [],
            "tenant_id": "133f84b71b6e494d9f6a1578f2383ad0",
            "timeout_client_data": 50000,
            "timeout_member_connect": 5000,
            "timeout_member_data": 50000,
            "timeout_tcp_inspect": 0,
            "timeouts": null,
            "tls_ciphers": "",
            "tls_versions": []
          },
          "sensitive_attributes": [],
          "private": "eyJlMmJmYjczMC1lY2FhLTExZTYtOGY4OC0zNDM2M2JjN2M0YzAiOnsiY3JlYXRlIjo2MDAwMDAwMDAwMDAsImRlbGV0ZSI6NjAwMDAwMDAwMDAwLCJ1cGRhdGUiOjYwMDAwMDAwMDAwMH19"
        }
      ]
    },
    {
      "mode": "managed",
      "type": "openstack_lb_listener_v2",
      "name": "listener_work_node_2",
      "provider": "provider[\"registry.terraform.io/terraform-provider-openstack/openstack\"]",
      "instances": [
        {
          "schema_version": 0,
          "attributes": {
            "admin_state_up": true,
            "allowed_cidrs": [],
            "alpn_protocols": [],
            "client_authentication": "NONE",
            "client_ca_tls_container_ref": "",
            "client_crl_container_ref": "",
            "connection_limit": -1,
            "default_pool_id": "e4b40527-25a8-4f01-a293-316ffb2b060a",
            "default_tls_container_ref": "",
            "description": "",
            "hsts_include_subdomains": false,
            "hsts_max_age": 0,
            "hsts_preload": false,
            "id": "9e66860c-1181-4881-87d9-3ff1c0050f88",
            "insert_headers": {},
            "loadbalancer_id": "887e9ffd-790a-47a1-b9d7-bc8073dc4931",
            "name": "grupo-7-projeto-listener-work-node-2",
            "protocol": "TCP",
            "protocol_port": 11507,
            "region": "",
            "sni_container_refs": [],
            "tags": [],
            "tenant_id": "133f84b71b6e494d9f6a1578f2383ad0",
            "timeout_client_data": 50000,
            "timeout_member_connect": 5000,
            "timeout_member_data": 50000,
            "timeout_tcp_inspect": 0,
            "timeouts": null,
            "tls_ciphers": "",
            "tls_versions": []
          },
          "sensitive_attributes": [],
          "private": "eyJlMmJmYjczMC1lY2FhLTExZTYtOGY4OC0zNDM2M2JjN2M0YzAiOnsiY3JlYXRlIjo2MDAwMDAwMDAwMDAsImRlbGV0ZSI6NjAwMDAwMDAwMDAwLCJ1cGRhdGUiOjYwMDAwMDAwMDAwMH19"
        }
      ]
    },
    {
      "mode": "managed",
      "type": "openstack_lb_member_v2",
      "name": "member_control_node",
      "provider": "provider[\"registry.terraform.io/terraform-provider-openstack/openstack\"]",
      "instances": [
        {
          "schema_version": 0,
          "attributes": {
            "address": "10.5.11.186",
            "admin_state_up": true,
            "backup": false,
            "id": "b495ed12-c736-4069-9381-8dd4e8a0babd",
            "monitor_address": "",
            "monitor_port": 0,
            "name": "",
            "pool_id": "07818061-adac-4e47-9b31-e028b7516f0e",
            "protocol_port": 22,
            "region": "",
            "subnet_id": "17de9c72-e5dc-4da0-ae0a-013f7e42400e",
            "tags": [],
            "tenant_id": "133f84b71b6e494d9f6a1578f2383ad0",
            "timeouts": null,
            "weight": 1
          },
          "sensitive_attributes": [],
          "private": "eyJlMmJmYjczMC1lY2FhLTExZTYtOGY4OC0zNDM2M2JjN2M0YzAiOnsiY3JlYXRlIjo2MDAwMDAwMDAwMDAsImRlbGV0ZSI6NjAwMDAwMDAwMDAwLCJ1cGRhdGUiOjYwMDAwMDAwMDAwMH19",
          "dependencies": [
            "openstack_compute_instance_v2.control_node",
            "openstack_lb_listener_v2.listener_control_node",
            "openstack_lb_pool_v2.control_node_pool",
            "openstack_networking_secgroup_v2.control_node_security_group",
            "openstack_networking_secgroup_v2.ssh_security_group"
          ]
        }
      ]
    },
    {
      "mode": "managed",
      "type": "openstack_lb_member_v2",
      "name": "member_work_node_1",
      "provider": "provider[\"registry.terraform.io/terraform-provider-openstack/openstack\"]",
      "instances": [
        {
          "schema_version": 0,
          "attributes": {
            "address": "10.5.11.129",
            "admin_state_up": true,
            "backup": false,
            "id": "75fc06b5-c708-4804-9183-3c1841020174",
            "monitor_address": "",
            "monitor_port": 0,
            "name": "",
            "pool_id": "51f8ccf6-3a29-461d-9f90-b53cb0c5e08f",
            "protocol_port": 22,
            "region": "",
            "subnet_id": "17de9c72-e5dc-4da0-ae0a-013f7e42400e",
            "tags": null,
            "tenant_id": "133f84b71b6e494d9f6a1578f2383ad0",
            "timeouts": null,
            "weight": 1
          },
          "sensitive_attributes": [],
          "private": "eyJlMmJmYjczMC1lY2FhLTExZTYtOGY4OC0zNDM2M2JjN2M0YzAiOnsiY3JlYXRlIjo2MDAwMDAwMDAwMDAsImRlbGV0ZSI6NjAwMDAwMDAwMDAwLCJ1cGRhdGUiOjYwMDAwMDAwMDAwMH19",
          "dependencies": [
            "openstack_compute_instance_v2.work_node_1",
            "openstack_lb_listener_v2.listener_work_node_1",
            "openstack_lb_pool_v2.work_node_1_pool",
            "openstack_networking_secgroup_v2.ssh_security_group",
            "openstack_networking_secgroup_v2.work_node_security_group"
          ]
        }
      ]
    },
    {
      "mode": "managed",
      "type": "openstack_lb_member_v2",
      "name": "member_work_node_2",
      "provider": "provider[\"registry.terraform.io/terraform-provider-openstack/openstack\"]",
      "instances": [
        {
          "schema_version": 0,
          "attributes": {
            "address": "10.5.8.103",
            "admin_state_up": true,
            "backup": false,
            "id": "2459b13b-41ab-4193-b59a-18ce58b3ea8d",
            "monitor_address": "",
            "monitor_port": 0,
            "name": "",
            "pool_id": "e4b40527-25a8-4f01-a293-316ffb2b060a",
            "protocol_port": 22,
            "region": "",
            "subnet_id": "17de9c72-e5dc-4da0-ae0a-013f7e42400e",
            "tags": null,
            "tenant_id": "133f84b71b6e494d9f6a1578f2383ad0",
            "timeouts": null,
            "weight": 1
          },
          "sensitive_attributes": [],
          "private": "eyJlMmJmYjczMC1lY2FhLTExZTYtOGY4OC0zNDM2M2JjN2M0YzAiOnsiY3JlYXRlIjo2MDAwMDAwMDAwMDAsImRlbGV0ZSI6NjAwMDAwMDAwMDAwLCJ1cGRhdGUiOjYwMDAwMDAwMDAwMH19",
          "dependencies": [
            "openstack_compute_instance_v2.work_node_2",
            "openstack_lb_listener_v2.listener_work_node_2",
            "openstack_lb_pool_v2.work_node_2_pool",
            "openstack_networking_secgroup_v2.ssh_security_group",
            "openstack_networking_secgroup_v2.work_node_security_group"
          ]
        }
      ]
    },
    {
      "mode": "managed",
      "type": "openstack_lb_pool_v2",
      "name": "control_node_pool",
      "provider": "provider[\"registry.terraform.io/terraform-provider-openstack/openstack\"]",
      "instances": [
        {
          "schema_version": 0,
          "attributes": {
            "admin_state_up": true,
            "alpn_protocols": [],
            "ca_tls_container_ref": "",
            "crl_container_ref": "",
            "description": "",
            "id": "07818061-adac-4e47-9b31-e028b7516f0e",
            "lb_method": "ROUND_ROBIN",
            "listener_id": "227bc6ea-e2ee-4ac6-97e9-4aa015bd34a2",
            "loadbalancer_id": null,
            "name": "grupo-7-projeto-control-node-pool",
            "persistence": [],
            "protocol": "TCP",
            "region": "",
            "tags": [],
            "tenant_id": "133f84b71b6e494d9f6a1578f2383ad0",
            "timeouts": null,
            "tls_ciphers": "",
            "tls_container_ref": "",
            "tls_enabled": false,
            "tls_versions": []
          },
          "sensitive_attributes": [],
          "private": "eyJlMmJmYjczMC1lY2FhLTExZTYtOGY4OC0zNDM2M2JjN2M0YzAiOnsiY3JlYXRlIjo2MDAwMDAwMDAwMDAsImRlbGV0ZSI6NjAwMDAwMDAwMDAwLCJ1cGRhdGUiOjYwMDAwMDAwMDAwMH19",
          "dependencies": [
            "openstack_lb_listener_v2.listener_control_node"
          ]
        }
      ]
    },
    {
      "mode": "managed",
      "type": "openstack_lb_pool_v2",
      "name": "work_node_1_pool",
      "provider": "provider[\"registry.terraform.io/terraform-provider-openstack/openstack\"]",
      "instances": [
        {
          "schema_version": 0,
          "attributes": {
            "admin_state_up": true,
            "alpn_protocols": [],
            "ca_tls_container_ref": "",
            "crl_container_ref": "",
            "description": "",
            "id": "51f8ccf6-3a29-461d-9f90-b53cb0c5e08f",
            "lb_method": "ROUND_ROBIN",
            "listener_id": "49d52b80-8401-4be3-886c-b62ac429d893",
            "loadbalancer_id": null,
            "name": "grupo-7-projeto-work-node-1-pool",
            "persistence": [],
            "protocol": "TCP",
            "region": "",
            "tags": [],
            "tenant_id": "133f84b71b6e494d9f6a1578f2383ad0",
            "timeouts": null,
            "tls_ciphers": "",
            "tls_container_ref": "",
            "tls_enabled": false,
            "tls_versions": []
          },
          "sensitive_attributes": [],
          "private": "eyJlMmJmYjczMC1lY2FhLTExZTYtOGY4OC0zNDM2M2JjN2M0YzAiOnsiY3JlYXRlIjo2MDAwMDAwMDAwMDAsImRlbGV0ZSI6NjAwMDAwMDAwMDAwLCJ1cGRhdGUiOjYwMDAwMDAwMDAwMH19",
          "dependencies": [
            "openstack_lb_listener_v2.listener_work_node_1"
          ]
        }
      ]
    },
    {
      "mode": "managed",
      "type": "openstack_lb_pool_v2",
      "name": "work_node_2_pool",
      "provider": "provider[\"registry.terraform.io/terraform-provider-openstack/openstack\"]",
      "instances": [
        {
          "schema_version": 0,
          "attributes": {
            "admin_state_up": true,
            "alpn_protocols": [],
            "ca_tls_container_ref": "",
            "crl_container_ref": "",
            "description": "",
            "id": "e4b40527-25a8-4f01-a293-316ffb2b060a",
            "lb_method": "ROUND_ROBIN",
            "listener_id": "9e66860c-1181-4881-87d9-3ff1c0050f88",
            "loadbalancer_id": null,
            "name": "grupo-7-projeto-work-node-2-pool",
            "persistence": [],
            "protocol": "TCP",
            "region": "",
            "tags": [],
            "tenant_id": "133f84b71b6e494d9f6a1578f2383ad0",
            "timeouts": null,
            "tls_ciphers": "",
            "tls_container_ref": "",
            "tls_enabled": false,
            "tls_versions": []
          },
          "sensitive_attributes": [],
          "private": "eyJlMmJmYjczMC1lY2FhLTExZTYtOGY4OC0zNDM2M2JjN2M0YzAiOnsiY3JlYXRlIjo2MDAwMDAwMDAwMDAsImRlbGV0ZSI6NjAwMDAwMDAwMDAwLCJ1cGRhdGUiOjYwMDAwMDAwMDAwMH19",
          "dependencies": [
            "openstack_lb_listener_v2.listener_work_node_2"
          ]
        }
      ]
    },
    {
      "mode": "managed",
      "type": "openstack_networking_secgroup_rule_v2",
      "name": "control_node_ports",
      "provider": "provider[\"registry.terraform.io/terraform-provider-openstack/openstack\"]",
      "instances": [
        {
          "index_key": 0,
          "schema_version": 0,
          "attributes": {
            "description": "",
            "direction": "ingress",
            "ethertype": "IPv4",
            "id": "0abcc21f-d1bf-49d1-8484-211c33d84370",
            "port_range_max": 10259,
            "port_range_min": 10259,
            "protocol": "tcp",
            "region": "",
            "remote_group_id": "",
            "remote_ip_prefix": "0.0.0.0/0",
            "security_group_id": "15154bec-b4f1-404b-884d-2a36653b1448",
            "tenant_id": "133f84b71b6e494d9f6a1578f2383ad0",
            "timeouts": null
          },
          "sensitive_attributes": [],
          "private": "eyJlMmJmYjczMC1lY2FhLTExZTYtOGY4OC0zNDM2M2JjN2M0YzAiOnsiZGVsZXRlIjo2MDAwMDAwMDAwMDB9fQ==",
          "dependencies": [
            "openstack_networking_secgroup_v2.control_node_security_group"
          ]
        },
        {
          "index_key": 1,
          "schema_version": 0,
          "attributes": {
            "description": "",
            "direction": "ingress",
            "ethertype": "IPv4",
            "id": "13351e2f-9cd6-4045-9d07-09faf1947161",
            "port_range_max": 8080,
            "port_range_min": 8080,
            "protocol": "tcp",
            "region": "",
            "remote_group_id": "",
            "remote_ip_prefix": "0.0.0.0/0",
            "security_group_id": "15154bec-b4f1-404b-884d-2a36653b1448",
            "tenant_id": "133f84b71b6e494d9f6a1578f2383ad0",
            "timeouts": null
          },
          "sensitive_attributes": [],
          "private": "eyJlMmJmYjczMC1lY2FhLTExZTYtOGY4OC0zNDM2M2JjN2M0YzAiOnsiZGVsZXRlIjo2MDAwMDAwMDAwMDB9fQ==",
          "dependencies": [
            "openstack_networking_secgroup_v2.control_node_security_group"
          ]
        },
        {
          "index_key": 2,
          "schema_version": 0,
          "attributes": {
            "description": "",
            "direction": "ingress",
            "ethertype": "IPv4",
            "id": "41883ca8-e80c-4cae-9431-4f3d4f121eed",
            "port_range_max": 10248,
            "port_range_min": 10248,
            "protocol": "tcp",
            "region": "",
            "remote_group_id": "",
            "remote_ip_prefix": "0.0.0.0/0",
            "security_group_id": "15154bec-b4f1-404b-884d-2a36653b1448",
            "tenant_id": "133f84b71b6e494d9f6a1578f2383ad0",
            "timeouts": null
          },
          "sensitive_attributes": [],
          "private": "eyJlMmJmYjczMC1lY2FhLTExZTYtOGY4OC0zNDM2M2JjN2M0YzAiOnsiZGVsZXRlIjo2MDAwMDAwMDAwMDB9fQ==",
          "dependencies": [
            "openstack_networking_secgroup_v2.control_node_security_group"
          ]
        },
        {
          "index_key": 3,
          "schema_version": 0,
          "attributes": {
            "description": "",
            "direction": "ingress",
            "ethertype": "IPv4",
            "id": "c3c80d84-8785-47df-9175-0d7bed10e77c",
            "port_range_max": 10257,
            "port_range_min": 10257,
            "protocol": "tcp",
            "region": "",
            "remote_group_id": "",
            "remote_ip_prefix": "0.0.0.0/0",
            "security_group_id": "15154bec-b4f1-404b-884d-2a36653b1448",
            "tenant_id": "133f84b71b6e494d9f6a1578f2383ad0",
            "timeouts": null
          },
          "sensitive_attributes": [],
          "private": "eyJlMmJmYjczMC1lY2FhLTExZTYtOGY4OC0zNDM2M2JjN2M0YzAiOnsiZGVsZXRlIjo2MDAwMDAwMDAwMDB9fQ==",
          "dependencies": [
            "openstack_networking_secgroup_v2.control_node_security_group"
          ]
        },
        {
          "index_key": 4,
          "schema_version": 0,
          "attributes": {
            "description": "",
            "direction": "ingress",
            "ethertype": "IPv4",
            "id": "1938854a-96c3-4552-8d57-6afccd906bbf",
            "port_range_max": 2380,
            "port_range_min": 2379,
            "protocol": "tcp",
            "region": "",
            "remote_group_id": "",
            "remote_ip_prefix": "0.0.0.0/0",
            "security_group_id": "15154bec-b4f1-404b-884d-2a36653b1448",
            "tenant_id": "133f84b71b6e494d9f6a1578f2383ad0",
            "timeouts": null
          },
          "sensitive_attributes": [],
          "private": "eyJlMmJmYjczMC1lY2FhLTExZTYtOGY4OC0zNDM2M2JjN2M0YzAiOnsiZGVsZXRlIjo2MDAwMDAwMDAwMDB9fQ==",
          "dependencies": [
            "openstack_networking_secgroup_v2.control_node_security_group"
          ]
        },
        {
          "index_key": 5,
          "schema_version": 0,
          "attributes": {
            "description": "",
            "direction": "ingress",
            "ethertype": "IPv4",
            "id": "800e9e6b-3d57-43e3-90e8-89f545b56a3a",
            "port_range_max": 6443,
            "port_range_min": 6443,
            "protocol": "tcp",
            "region": "",
            "remote_group_id": "",
            "remote_ip_prefix": "0.0.0.0/0",
            "security_group_id": "15154bec-b4f1-404b-884d-2a36653b1448",
            "tenant_id": "133f84b71b6e494d9f6a1578f2383ad0",
            "timeouts": null
          },
          "sensitive_attributes": [],
          "private": "eyJlMmJmYjczMC1lY2FhLTExZTYtOGY4OC0zNDM2M2JjN2M0YzAiOnsiZGVsZXRlIjo2MDAwMDAwMDAwMDB9fQ==",
          "dependencies": [
            "openstack_networking_secgroup_v2.control_node_security_group"
          ]
        }
      ]
    },
    {
      "mode": "managed",
      "type": "openstack_networking_secgroup_rule_v2",
      "name": "ssh_rule",
      "provider": "provider[\"registry.terraform.io/terraform-provider-openstack/openstack\"]",
      "instances": [
        {
          "schema_version": 0,
          "attributes": {
            "description": "",
            "direction": "ingress",
            "ethertype": "IPv4",
            "id": "50548f45-5a7d-4fe8-a8ec-0239886d30be",
            "port_range_max": 22,
            "port_range_min": 22,
            "protocol": "tcp",
            "region": "",
            "remote_group_id": "",
            "remote_ip_prefix": "0.0.0.0/0",
            "security_group_id": "e2d3c611-1104-4146-b72c-7ad897ba1b52",
            "tenant_id": "133f84b71b6e494d9f6a1578f2383ad0",
            "timeouts": null
          },
          "sensitive_attributes": [],
          "private": "eyJlMmJmYjczMC1lY2FhLTExZTYtOGY4OC0zNDM2M2JjN2M0YzAiOnsiZGVsZXRlIjo2MDAwMDAwMDAwMDB9fQ==",
          "dependencies": [
            "openstack_networking_secgroup_v2.ssh_security_group"
          ]
        }
      ]
    },
    {
      "mode": "managed",
      "type": "openstack_networking_secgroup_rule_v2",
      "name": "work_node_ports",
      "provider": "provider[\"registry.terraform.io/terraform-provider-openstack/openstack\"]",
      "instances": [
        {
          "index_key": 0,
          "schema_version": 0,
          "attributes": {
            "description": "",
            "direction": "ingress",
            "ethertype": "IPv4",
            "id": "16446334-331f-4144-8794-007b43ddc574",
            "port_range_max": 10256,
            "port_range_min": 10256,
            "protocol": "tcp",
            "region": "",
            "remote_group_id": "",
            "remote_ip_prefix": "0.0.0.0/0",
            "security_group_id": "02039f07-a6b7-43c7-8c62-38f694abd622",
            "tenant_id": "133f84b71b6e494d9f6a1578f2383ad0",
            "timeouts": null
          },
          "sensitive_attributes": [],
          "private": "eyJlMmJmYjczMC1lY2FhLTExZTYtOGY4OC0zNDM2M2JjN2M0YzAiOnsiZGVsZXRlIjo2MDAwMDAwMDAwMDB9fQ==",
          "dependencies": [
            "openstack_networking_secgroup_v2.work_node_security_group"
          ]
        },
        {
          "index_key": 1,
          "schema_version": 0,
          "attributes": {
            "description": "",
            "direction": "ingress",
            "ethertype": "IPv4",
            "id": "c73d7d50-bfff-496b-8179-e594876ffabf",
            "port_range_max": 32767,
            "port_range_min": 30000,
            "protocol": "tcp",
            "region": "",
            "remote_group_id": "",
            "remote_ip_prefix": "0.0.0.0/0",
            "security_group_id": "02039f07-a6b7-43c7-8c62-38f694abd622",
            "tenant_id": "133f84b71b6e494d9f6a1578f2383ad0",
            "timeouts": null
          },
          "sensitive_attributes": [],
          "private": "eyJlMmJmYjczMC1lY2FhLTExZTYtOGY4OC0zNDM2M2JjN2M0YzAiOnsiZGVsZXRlIjo2MDAwMDAwMDAwMDB9fQ==",
          "dependencies": [
            "openstack_networking_secgroup_v2.work_node_security_group"
          ]
        },
        {
          "index_key": 2,
          "schema_version": 0,
          "attributes": {
            "description": "",
            "direction": "ingress",
            "ethertype": "IPv4",
            "id": "7bed08a9-0896-40c7-bb19-d537e90ecfeb",
            "port_range_max": 32500,
            "port_range_min": 32500,
            "protocol": "tcp",
            "region": "",
            "remote_group_id": "",
            "remote_ip_prefix": "0.0.0.0/0",
            "security_group_id": "02039f07-a6b7-43c7-8c62-38f694abd622",
            "tenant_id": "133f84b71b6e494d9f6a1578f2383ad0",
            "timeouts": null
          },
          "sensitive_attributes": [],
          "private": "eyJlMmJmYjczMC1lY2FhLTExZTYtOGY4OC0zNDM2M2JjN2M0YzAiOnsiZGVsZXRlIjo2MDAwMDAwMDAwMDB9fQ==",
          "dependencies": [
            "openstack_networking_secgroup_v2.work_node_security_group"
          ]
        },
        {
          "index_key": 3,
          "schema_version": 0,
          "attributes": {
            "description": "",
            "direction": "ingress",
            "ethertype": "IPv4",
            "id": "7246cd00-0443-46af-9892-2c8f28aed6e1",
            "port_range_max": 10250,
            "port_range_min": 10250,
            "protocol": "tcp",
            "region": "",
            "remote_group_id": "",
            "remote_ip_prefix": "0.0.0.0/0",
            "security_group_id": "02039f07-a6b7-43c7-8c62-38f694abd622",
            "tenant_id": "133f84b71b6e494d9f6a1578f2383ad0",
            "timeouts": null
          },
          "sensitive_attributes": [],
          "private": "eyJlMmJmYjczMC1lY2FhLTExZTYtOGY4OC0zNDM2M2JjN2M0YzAiOnsiZGVsZXRlIjo2MDAwMDAwMDAwMDB9fQ==",
          "dependencies": [
            "openstack_networking_secgroup_v2.work_node_security_group"
          ]
        },
        {
          "index_key": 4,
          "schema_version": 0,
          "attributes": {
            "description": "",
            "direction": "ingress",
            "ethertype": "IPv4",
            "id": "424978c7-c198-4595-924c-1949aa621df4",
            "port_range_max": 8080,
            "port_range_min": 8080,
            "protocol": "tcp",
            "region": "",
            "remote_group_id": "",
            "remote_ip_prefix": "0.0.0.0/0",
            "security_group_id": "02039f07-a6b7-43c7-8c62-38f694abd622",
            "tenant_id": "133f84b71b6e494d9f6a1578f2383ad0",
            "timeouts": null
          },
          "sensitive_attributes": [],
          "private": "eyJlMmJmYjczMC1lY2FhLTExZTYtOGY4OC0zNDM2M2JjN2M0YzAiOnsiZGVsZXRlIjo2MDAwMDAwMDAwMDB9fQ==",
          "dependencies": [
            "openstack_networking_secgroup_v2.work_node_security_group"
          ]
        }
      ]
    },
    {
      "mode": "managed",
      "type": "openstack_networking_secgroup_v2",
      "name": "control_node_security_group",
      "provider": "provider[\"registry.terraform.io/terraform-provider-openstack/openstack\"]",
      "instances": [
        {
          "schema_version": 0,
          "attributes": {
            "all_tags": [],
            "delete_default_rules": null,
            "description": "Security group for control node",
            "id": "15154bec-b4f1-404b-884d-2a36653b1448",
            "name": "grupo-7-projeto-control-node-sc",
            "region": "",
            "stateful": true,
            "tags": [],
            "tenant_id": "133f84b71b6e494d9f6a1578f2383ad0",
            "timeouts": null
          },
          "sensitive_attributes": [],
          "private": "eyJlMmJmYjczMC1lY2FhLTExZTYtOGY4OC0zNDM2M2JjN2M0YzAiOnsiZGVsZXRlIjo2MDAwMDAwMDAwMDB9fQ=="
        }
      ]
    },
    {
      "mode": "managed",
      "type": "openstack_networking_secgroup_v2",
      "name": "ssh_security_group",
      "provider": "provider[\"registry.terraform.io/terraform-provider-openstack/openstack\"]",
      "instances": [
        {
          "schema_version": 0,
          "attributes": {
            "all_tags": [],
            "delete_default_rules": null,
            "description": "Allow SSH",
            "id": "e2d3c611-1104-4146-b72c-7ad897ba1b52",
            "name": "grupo-7-projeto-ssh-sc",
            "region": "",
            "stateful": true,
            "tags": [],
            "tenant_id": "133f84b71b6e494d9f6a1578f2383ad0",
            "timeouts": null
          },
          "sensitive_attributes": [],
          "private": "eyJlMmJmYjczMC1lY2FhLTExZTYtOGY4OC0zNDM2M2JjN2M0YzAiOnsiZGVsZXRlIjo2MDAwMDAwMDAwMDB9fQ=="
        }
      ]
    },
    {
      "mode": "managed",
      "type": "openstack_networking_secgroup_v2",
      "name": "work_node_security_group",
      "provider": "provider[\"registry.terraform.io/terraform-provider-openstack/openstack\"]",
      "instances": [
        {
          "schema_version": 0,
          "attributes": {
            "all_tags": [],
            "delete_default_rules": null,
            "description": "Security group for work nodes",
            "id": "02039f07-a6b7-43c7-8c62-38f694abd622",
            "name": "grupo-7-projeto-work-node-sc",
            "region": "",
            "stateful": true,
            "tags": [],
            "tenant_id": "133f84b71b6e494d9f6a1578f2383ad0",
            "timeouts": null
          },
          "sensitive_attributes": [],
          "private": "eyJlMmJmYjczMC1lY2FhLTExZTYtOGY4OC0zNDM2M2JjN2M0YzAiOnsiZGVsZXRlIjo2MDAwMDAwMDAwMDB9fQ=="
        }
      ]
    }
  ],
  "check_results": null
}
